
Microsoft Visual Studio Solution File, Format Version 12.00
# Visual Studio Version 17
VisualStudioVersion = 17.2.32802.462
MinimumVisualStudioVersion = 10.0.40219.1
Project("{9A19103F-16F7-4668-BE54-9A1E7A4F7556}") = "gyak10_b", "gyak10_b\gyak10_b.csproj", "{D467CAFF-EC20-40E9-A58A-E8E519A020A7}"
EndProject
Project("{FAE04EC0-301F-11D3-BF4B-00C04F79EFBC}") = "excel_gyak", "excel_gyak\excel_gyak.csproj", "{45814B0D-119C-40AE-8E80-CD3E741E832B}"
EndProject
Global
	GlobalSection(SolutionConfigurationPlatforms) = preSolution
		Debug|Any CPU = Debug|Any CPU
		Release|Any CPU = Release|Any CPU
	EndGlobalSection
	GlobalSection(ProjectConfigurationPlatforms) = postSolution
		{D467CAFF-EC20-40E9-A58A-E8E519A020A7}.Debug|Any CPU.ActiveCfg = Debug|Any CPU
		{D467CAFF-EC20-40E9-A58A-E8E519A020A7}.Debug|Any CPU.Build.0 = Debug|Any CPU
		{D467CAFF-EC20-40E9-A58A-E8E519A020A7}.Release|Any CPU.ActiveCfg = Release|Any CPU
		{D467CAFF-EC20-40E9-A58A-E8E519A020A7}.Release|Any CPU.Build.0 = Release|Any CPU
		{45814B0D-119C-40AE-8E80-CD3E741E832B}.Debug|Any CPU.ActiveCfg = Debug|Any CPU
		{45814B0D-119C-40AE-8E80-CD3E741E832B}.Debug|Any CPU.Build.0 = Debug|Any CPU
		{45814B0D-119C-40AE-8E80-CD3E741E832B}.Release|Any CPU.ActiveCfg = Release|Any CPU
		{45814B0D-119C-40AE-8E80-CD3E741E832B}.Release|Any CPU.Build.0 = Release|Any CPU
	EndGlobalSection
	GlobalSection(SolutionProperties) = preSolution
		HideSolutionNode = FALSE
	EndGlobalSection
	GlobalSection(ExtensibilityGlobals) = postSolution
		SolutionGuid = {A159D6BB-6D38-43C7-B599-783DD21DECFC}
	EndGlobalSection
EndGlobal
